// !$*UTF8*$!
{
	archiveVersion = 1;
	classes = {
	};
	objectVersion = 56;
	objects = {

/* Begin PBXBuildFile section */
		F390BFC8293B849700AEF7E0 /* AppDelegate.swift in Sources */ = {isa = PBXBuildFile; fileRef = F390BFC7293B849700AEF7E0 /* AppDelegate.swift */; };
		F390BFCA293B849700AEF7E0 /* SceneDelegate.swift in Sources */ = {isa = PBXBuildFile; fileRef = F390BFC9293B849700AEF7E0 /* SceneDelegate.swift */; };
		F390BFCC293B849700AEF7E0 /* ViewController.swift in Sources */ = {isa = PBXBuildFile; fileRef = F390BFCB293B849700AEF7E0 /* ViewController.swift */; };
		F390BFCF293B849700AEF7E0 /* Main.storyboard in Resources */ = {isa = PBXBuildFile; fileRef = F390BFCD293B849700AEF7E0 /* Main.storyboard */; };
		F390BFD1293B849900AEF7E0 /* Assets.xcassets in Resources */ = {isa = PBXBuildFile; fileRef = F390BFD0293B849900AEF7E0 /* Assets.xcassets */; };
		F390BFD4293B849900AEF7E0 /* LaunchScreen.storyboard in Resources */ = {isa = PBXBuildFile; fileRef = F390BFD2293B849900AEF7E0 /* LaunchScreen.storyboard */; };
		F390BFDC293B873100AEF7E0 /* detailsVC.swift in Sources */ = {isa = PBXBuildFile; fileRef = F390BFDB293B873100AEF7E0 /* detailsVC.swift */; };
		F390BFDE293B8A9500AEF7E0 /* OnePieceClass.swift in Sources */ = {isa = PBXBuildFile; fileRef = F390BFDD293B8A9500AEF7E0 /* OnePieceClass.swift */; };
/* End PBXBuildFile section */

/* Begin PBXFileReference section */
		F390BFC4293B849700AEF7E0 /* OnePieceBook.app */ = {isa = PBXFileReference; explicitFileType = wrapper.application; includeInIndex = 0; path = OnePieceBook.app; sourceTree = BUILT_PRODUCTS_DIR; };
		F390BFC7293B849700AEF7E0 /* AppDelegate.swift */ = {isa = PBXFileReference; lastKnownFileType = sourcecode.swift; path = AppDelegate.swift; sourceTree = "<group>"; };
		F390BFC9293B849700AEF7E0 /* SceneDelegate.swift */ = {isa = PBXFileReference; lastKnownFileType = sourcecode.swift; path = SceneDelegate.swift; sourceTree = "<group>"; };
		F390BFCB293B849700AEF7E0 /* ViewController.swift */ = {isa = PBXFileReference; lastKnownFileType = sourcecode.swift; path = ViewController.swift; sourceTree = "<group>"; };
		F390BFCE293B849700AEF7E0 /* Base */ = {isa = PBXFileReference; lastKnownFileType = file.storyboard; name = Base; path = Base.lproj/Main.storyboard; sourceTree = "<group>"; };
		F390BFD0293B849900AEF7E0 /* Assets.xcassets */ = {isa = PBXFileReference; lastKnownFileType = folder.assetcatalog; path = Assets.xcassets; sourceTree = "<group>"; };
		F390BFD3293B849900AEF7E0 /* Base */ = {isa = PBXFileReference; lastKnownFileType = file.storyboard; name = Base; path = Base.lproj/LaunchScreen.storyboard; sourceTree = "<group>"; };
		F390BFD5293B849900AEF7E0 /* Info.plist */ = {isa = PBXFileReference; lastKnownFileType = text.plist.xml; path = Info.plist; sourceTree = "<group>"; };
		F390BFDB293B873100AEF7E0 /* detailsVC.swift */ = {isa = PBXFileReference; lastKnownFileType = sourcecode.swift; path = detailsVC.swift; sourceTree = "<group>"; };
		F390BFDD293B8A9500AEF7E0 /* OnePieceClass.swift */ = {isa = PBXFileReference; lastKnownFileType = sourcecode.swift; path = OnePieceClass.swift; sourceTree = "<group>"; };
/* End PBXFileReference section */

/* Begin PBXFrameworksBuildPhase section */
		F390BFC1293B849700AEF7E0 /* Frameworks */ = {
			isa = PBXFrameworksBuildPhase;
			buildActionMask = 2147483647;
			files = (
			);
			runOnlyForDeploymentPostprocessing = 0;
		};
/* End PBXFrameworksBuildPhase section */

/* Begin PBXGroup section */
		F390BFBB293B849700AEF7E0 = {
			isa = PBXGroup;
			children = (
				F390BFC6293B849700AEF7E0 /* OnePieceBook */,
				F390BFC5293B849700AEF7E0 /* Products */,
			);
			sourceTree = "<group>";
		};
		F390BFC5293B849700AEF7E0 /* Products */ = {
			isa = PBXGroup;
			children = (
				F390BFC4293B849700AEF7E0 /* OnePieceBook.app */,
			);
			name = Products;
			sourceTree = "<group>";
		};
		F390BFC6293B849700AEF7E0 /* OnePieceBook */ = {
			isa = PBXGroup;
			children = (
				F390BFC7293B849700AEF7E0 /* AppDelegate.swift */,
				F390BFC9293B849700AEF7E0 /* SceneDelegate.swift */,
				F390BFCB293B849700AEF7E0 /* ViewController.swift */,
				F390BFDB293B873100AEF7E0 /* detailsVC.swift */,
				F390BFCD293B849700AEF7E0 /* Main.storyboard */,
				F390BFD0293B849900AEF7E0 /* Assets.xcassets */,
				F390BFD2293B849900AEF7E0 /* LaunchScreen.storyboard */,
				F390BFD5293B849900AEF7E0 /* Info.plist */,
				F390BFDD293B8A9500AEF7E0 /* OnePieceClass.swift */,
			);
			path = OnePieceBook;
			sourceTree = "<group>";
		};
/* End PBXGroup section */

/* Begin PBXNativeTarget section */
		F390BFC3293B849700AEF7E0 /* OnePieceBook */ = {
			isa = PBXNativeTarget;
			buildConfigurationList = F390BFD8293B849900AEF7E0 /* Build configuration list for PBXNativeTarget "OnePieceBook" */;
			buildPhases = (
				F390BFC0293B849700AEF7E0 /* Sources */,
				F390BFC1293B849700AEF7E0 /* Frameworks */,
				F390BFC2293B849700AEF7E0 /* Resources */,
			);
			buildRules = (
			);
			dependencies = (
			);
			name = OnePieceBook;
			productName = OnePieceBook;
			productReference = F390BFC4293B849700AEF7E0 /* OnePieceBook.app */;
			productType = "com.apple.product-type.application";
		};
/* End PBXNativeTarget section */

/* Begin PBXProject section */
		F390BFBC293B849700AEF7E0 /* Project object */ = {
			isa = PBXProject;
			attributes = {
				BuildIndependentTargetsInParallel = 1;
				LastSwiftUpdateCheck = 1410;
				LastUpgradeCheck = 1410;
				TargetAttributes = {
					F390BFC3293B849700AEF7E0 = {
						CreatedOnToolsVersion = 14.1;
					};
				};
			};
			buildConfigurationList = F390BFBF293B849700AEF7E0 /* Build configuration list for PBXProject "OnePieceBook" */;
			compatibilityVersion = "Xcode 14.0";
			developmentRegion = en;
			hasScannedForEncodings = 0;
			knownRegions = (
				en,
				Base,
			);
			mainGroup = F390BFBB293B849700AEF7E0;
			productRefGroup = F390BFC5293B849700AEF7E0 /* Products */;
			projectDirPath = "";
			projectRoot = "";
			targets = (
				F390BFC3293B849700AEF7E0 /* OnePieceBook */,
			);
		};
/* End PBXProject section */

/* Begin PBXResourcesBuildPhase section */
		F390BFC2293B849700AEF7E0 /* Resources */ = {
			isa = PBXResourcesBuildPhase;
			buildActionMask = 2147483647;
			files = (
				F390BFD4293B849900AEF7E0 /* LaunchScreen.storyboard in Resources */,
				F390BFD1293B849900AEF7E0 /* Assets.xcassets in Resources */,
				F390BFCF293B849700AEF7E0 /* Main.storyboard in Resources */,
			);
			runOnlyForDeploymentPostprocessing = 0;
		};
/* End PBXResourcesBuildPhase section */

/* Begin PBXSourcesBuildPhase section */
		F390BFC0293B849700AEF7E0 /* Sources */ = {
			isa = PBXSourcesBuildPhase;
			buildActionMask = 2147483647;
			files = (
				F390BFCC293B849700AEF7E0 /* ViewController.swift in Sources */,
				F390BFDC293B873100AEF7E0 /* detailsVC.swift in Sources */,
				F390BFDE293B8A9500AEF7E0 /* OnePieceClass.swift in Sources */,
				F390BFC8293B849700AEF7E0 /* AppDelegate.swift in Sources */,
				F390BFCA293B849700AEF7E0 /* SceneDelegate.swift in Sources */,
			);
			runOnlyForDeploymentPostprocessing = 0;
		};
/* End PBXSourcesBuildPhase section */

/* Begin PBXVariantGroup section */
		F390BFCD293B849700AEF7E0 /* Main.storyboard */ = {
			isa = PBXVariantGroup;
			children = (
				F390BFCE293B849700AEF7E0 /* Base */,
			);
			name = Main.storyboard;
			sourceTree = "<group>";
		};
		F390BFD2293B849900AEF7E0 /* LaunchScreen.storyboard */ = {
			isa = PBXVariantGroup;
			children = (
				F390BFD3293B849900AEF7E0 /* Base */,
			);
			name = LaunchScreen.storyboard;
			sourceTree = "<group>";
		};
/* End PBXVariantGroup section */

/* Begin XCBuildConfiguration section */
		F390BFD6293B849900AEF7E0 /* Debug */ = {
			isa = XCBuildConfiguration;
			buildSettings = {
				ALWAYS_SEARCH_USER_PATHS = NO;
				CLANG_ANALYZER_NONNULL = YES;
				CLANG_ANALYZER_NUMBER_OBJECT_CONVERSION = YES_AGGRESSIVE;
				CLANG_CXX_LANGUAGE_STANDARD = "gnu++20";
				CLANG_ENABLE_MODULES = YES;
				CLANG_ENABLE_OBJC_ARC = YES;
				CLANG_ENABLE_OBJC_WEAK = YES;
				CLANG_WARN_BLOCK_CAPTURE_AUTORELEASING = YES;
				CLANG_WARN_BOOL_CONVERSION = YES;
				CLANG_WARN_COMMA = YES;
				CLANG_WARN_CONSTANT_CONVERSION = YES;
				CLANG_WARN_DEPRECATED_OBJC_IMPLEMENTATIONS = YES;
				CLANG_WARN_DIRECT_OBJC_ISA_USAGE = YES_ERROR;
				CLANG_WARN_DOCUMENTATION_COMMENTS = YES;
				CLANG_WARN_EMPTY_BODY = YES;
				CLANG_WARN_ENUM_CONVERSION = YES;
				CLANG_WARN_INFINITE_RECURSION = YES;
				CLANG_WARN_INT_CONVERSION = YES;
				CLANG_WARN_NON_LITERAL_NULL_CONVERSION = YES;
				CLANG_WARN_OBJC_IMPLICIT_RETAIN_SELF = YES;
				CLANG_WARN_OBJC_LITERAL_CONVERSION = YES;
				CLANG_WARN_OBJC_ROOT_CLASS = YES_ERROR;
				CLANG_WARN_QUOTED_INCLUDE_IN_FRAMEWORK_HEADER = YES;
				CLANG_WARN_RANGE_LOOP_ANALYSIS = YES;
				CLANG_WARN_STRICT_PROTOTYPES = YES;
				CLANG_WARN_SUSPICIOUS_MOVE = YES;
				CLANG_WARN_UNGUARDED_AVAILABILITY = YES_AGGRESSIVE;
				CLANG_WARN_UNREACHABLE_CODE = YES;
				CLANG_WARN__DUPLICATE_METHOD_MATCH = YES;
				COPY_PHASE_STRIP = NO;
				DEBUG_INFORMATION_FORMAT = dwarf;
				ENABLE_STRICT_OBJC_MSGSEND = YES;
				ENABLE_TESTABILITY = YES;
				GCC_C_LANGUAGE_STANDARD = gnu11;
				GCC_DYNAMIC_NO_PIC = NO;
				GCC_NO_COMMON_BLOCKS = YES;
				GCC_OPTIMIZATION_LEVEL = 0;
				GCC_PREPROCESSOR_DEFINITIONS = (
					"DEBUG=1",
					"$(inherited)",
				);
				GCC_WARN_64_TO_32_BIT_CONVERSION = YES;
				GCC_WARN_ABOUT_RETURN_TYPE = YES_ERROR;
				GCC_WARN_UNDECLARED_SELECTOR = YES;
				GCC_WARN_UNINITIALIZED_AUTOS = YES_AGGRESSIVE;
				GCC_WARN_UNUSED_FUNCTION = YES;
				GCC_WARN_UNUSED_VARIABLE = YES;
				IPHONEOS_DEPLOYMENT_TARGET = 16.1;
				MTL_ENABLE_DEBUG_INFO = INCLUDE_SOURCE;
				MTL_FAST_MATH = YES;
				ONLY_ACTIVE_ARCH = YES;
				SDKROOT = iphoneos;
				SWIFT_ACTIVE_COMPILATION_CONDITIONS = DEBUG;
				SWIFT_OPTIMIZATION_LEVEL = "-Onone";
			};
			name = Debug;
		};
		F390BFD7293B849900AEF7E0 /* Release */ = {
			isa = XCBuildConfiguration;
			buildSettings = {
				ALWAYS_SEARCH_USER_PATHS = NO;
				CLANG_ANALYZER_NONNULL = YES;
				CLANG_ANALYZER_NUMBER_OBJECT_CONVERSION = YES_AGGRESSIVE;
				CLANG_CXX_LANGUAGE_STANDARD = "gnu++20";
				CLANG_ENABLE_MODULES = YES;
				CLANG_ENABLE_OBJC_ARC = YES;
				CLANG_ENABLE_OBJC_WEAK = YES;
				CLANG_WARN_BLOCK_CAPTURE_AUTORELEASING = YES;
				CLANG_WARN_BOOL_CONVERSION = YES;
				CLANG_WARN_COMMA = YES;
				CLANG_WARN_CONSTANT_CONVERSION = YES;
				CLANG_WARN_DEPRECATED_OBJC_IMPLEMENTATIONS = YES;
				CLANG_WARN_DIRECT_OBJC_ISA_USAGE = YES_ERROR;
				CLANG_WARN_DOCUMENTATION_COMMENTS = YES;
				CLANG_WARN_EMPTY_BODY = YES;
				CLANG_WARN_ENUM_CONVERSION = YES;
				CLANG_WARN_INFINITE_RECURSION = YES;
				CLANG_WARN_INT_CONVERSION = YES;
				CLANG_WARN_NON_LITERAL_NULL_CONVERSION = YES;
				CLANG_WARN_OBJC_IMPLICIT_RETAIN_SELF = YES;
				CLANG_WARN_OBJC_LITERAL_CONVERSION = YES;
				CLANG_WARN_OBJC_ROOT_CLASS = YES_ERROR;
				CLANG_WARN_QUOTED_INCLUDE_IN_FRAMEWORK_HEADER = YES;
				CLANG_WARN_RANGE_LOOP_ANALYSIS = YES;
				CLANG_WARN_STRICT_PROTOTYPES = YES;
				CLANG_WARN_SUSPICIOUS_MOVE = YES;
				CLANG_WARN_UNGUARDED_AVAILABILITY = YES_AGGRESSIVE;
				CLANG_WARN_UNREACHABLE_CODE = YES;
				CLANG_WARN__DUPLICATE_METHOD_MATCH = YES;
				COPY_PHASE_STRIP = NO;
				DEBUG_INFORMATION_FORMAT = "dwarf-with-dsym";
				ENABLE_NS_ASSERTIONS = NO;
				ENABLE_STRICT_OBJC_MSGSEND = YES;
				GCC_C_LANGUAGE_STANDARD = gnu11;
				GCC_NO_COMMON_BLOCKS = YES;
				GCC_WARN_64_TO_32_BIT_CONVERSION = YES;
				GCC_WARN_ABOUT_RETURN_TYPE = YES_ERROR;
				GCC_WARN_UNDECLARED_SELECTOR = YES;
				GCC_WARN_UNINITIALIZED_AUTOS = YES_AGGRESSIVE;
				GCC_WARN_UNUSED_FUNCTION = YES;
				GCC_WARN_UNUSED_VARIABLE = YES;
				IPHONEOS_DEPLOYMENT_TARGET = 16.1;
				MTL_ENABLE_DEBUG_INFO = NO;
				MTL_FAST_MATH = YES;
				SDKROOT = iphoneos;
				SWIFT_COMPILATION_MODE = wholemodule;
				SWIFT_OPTIMIZATION_LEVEL = "-O";
				VALIDATE_PRODUCT = YES;
			};
			name = Release;
		};
		F390BFD9293B849900AEF7E0 /* Debug */ = {
			isa = XCBuildConfiguration;
			buildSettings = {
				ASSETCATALOG_COMPILER_APPICON_NAME = AppIcon;
				ASSETCATALOG_COMPILER_GLOBAL_ACCENT_COLOR_NAME = AccentColor;
				CODE_SIGN_STYLE = Automatic;
				CURRENT_PROJECT_VERSION = 1;
				DEVELOPMENT_TEAM = 3QG2M234BJ;
				GENERATE_INFOPLIST_FILE = YES;
				INFOPLIST_FILE = OnePieceBook/Info.plist;
				INFOPLIST_KEY_UIApplicationSupportsIndirectInputEvents = YES;
				INFOPLIST_KEY_UILaunchStoryboardName = LaunchScreen;
				INFOPLIST_KEY_UIMainStoryboardFile = Main;
				INFOPLIST_KEY_UISupportedInterfaceOrientations_iPad = "UIInterfaceOrientationPortrait UIInterfaceOrientationPortraitUpsideDown UIInterfaceOrientationLandscapeLeft UIInterfaceOrientationLandscapeRight";
				INFOPLIST_KEY_UISupportedInterfaceOrientations_iPhone = "UIInterfaceOrientationPortrait UIInterfaceOrientationLandscapeLeft UIInterfaceOrientationLandscapeRight";
				LD_RUNPATH_SEARCH_PATHS = (
					"$(inherited)",
					"@executable_path/Frameworks",
				);
				MARKETING_VERSION = 1.0;
				PRODUCT_BUNDLE_IDENTIFIER = com.yakupsuda.OnePieceBook;
				PRODUCT_NAME = "$(TARGET_NAME)";
				SWIFT_EMIT_LOC_STRINGS = YES;
				SWIFT_VERSION = 5.0;
				TARGETED_DEVICE_FAMILY = "1,2";
			};
			name = Debug;
		};
		F390BFDA293B849900AEF7E0 /* Release */ = {
			isa = XCBuildConfiguration;
			buildSettings = {
				ASSETCATALOG_COMPILER_APPICON_NAME = AppIcon;
				ASSETCATALOG_COMPILER_GLOBAL_ACCENT_COLOR_NAME = AccentColor;
				CODE_SIGN_STYLE = Automatic;
				CURRENT_PROJECT_VERSION = 1;
				DEVELOPMENT_TEAM = 3QG2M234BJ;
				GENERATE_INFOPLIST_FILE = YES;
				INFOPLIST_FILE = OnePieceBook/Info.plist;
				INFOPLIST_KEY_UIApplicationSupportsIndirectInputEvents = YES;
				INFOPLIST_KEY_UILaunchStoryboardName = LaunchScreen;
				INFOPLIST_KEY_UIMainStoryboardFile = Main;
				INFOPLIST_KEY_UISupportedInterfaceOrientations_iPad = "UIInterfaceOrientationPortrait UIInterfaceOrientationPortraitUpsideDown UIInterfaceOrientationLandscapeLeft UIInterfaceOrientationLandscapeRight";
				INFOPLIST_KEY_UISupportedInterfaceOrientations_iPhone = "UIInterfaceOrientationPortrait UIInterfaceOrientationLandscapeLeft UIInterfaceOrientationLandscapeRight";
				LD_RUNPATH_SEARCH_PATHS = (
					"$(inherited)",
					"@executable_path/Frameworks",
				);
				MARKETING_VERSION = 1.0;
				PRODUCT_BUNDLE_IDENTIFIER = com.yakupsuda.OnePieceBook;
				PRODUCT_NAME = "$(TARGET_NAME)";
				SWIFT_EMIT_LOC_STRINGS = YES;
				SWIFT_VERSION = 5.0;
				TARGETED_DEVICE_FAMILY = "1,2";
			};
			name = Release;
		};
/* End XCBuildConfiguration section */

/* Begin XCConfigurationList section */
		F390BFBF293B849700AEF7E0 /* Build configuration list for PBXProject "OnePieceBook" */ = {
			isa = XCConfigurationList;
			buildConfigurations = (
				F390BFD6293B849900AEF7E0 /* Debug */,
				F390BFD7293B849900AEF7E0 /* Release */,
			);
			defaultConfigurationIsVisible = 0;
			defaultConfigurationName = Release;
		};
		F390BFD8293B849900AEF7E0 /* Build configuration list for PBXNativeTarget "OnePieceBook" */ = {
			isa = XCConfigurationList;
			buildConfigurations = (
				F390BFD9293B849900AEF7E0 /* Debug */,
				F390BFDA293B849900AEF7E0 /* Release */,
			);
			defaultConfigurationIsVisible = 0;
			defaultConfigurationName = Release;
		};
/* End XCConfigurationList section */
	};
	rootObject = F390BFBC293B849700AEF7E0 /* Project object */;
}
